
Microsoft Visual Studio Solution File, Format Version 12.00
# Visual Studio Version 16
VisualStudioVersion = 16.6.30114.105
MinimumVisualStudioVersion = 10.0.40219.1
Project("{FAE04EC0-301F-11D3-BF4B-00C04F79EFBC}") = "Publisher", "Publisher\Publisher.csproj", "{90DAF4E2-6D6E-46B5-B52A-E9A2E233DD86}"
EndProject
Project("{FAE04EC0-301F-11D3-BF4B-00C04F79EFBC}") = "Subscriber", "Subscriber\Subscriber.csproj", "{455AD1E6-4994-4F59-A648-9CDBCA995A5D}"
EndProject
Global
	GlobalSection(SolutionConfigurationPlatforms) = preSolution
		Debug|Any CPU = Debug|Any CPU
		Debug|x64 = Debug|x64
		Debug|x86 = Debug|x86
		Release|Any CPU = Release|Any CPU
		Release|x64 = Release|x64
		Release|x86 = Release|x86
	EndGlobalSection
	GlobalSection(SolutionProperties) = preSolution
		HideSolutionNode = FALSE
	EndGlobalSection
	GlobalSection(ProjectConfigurationPlatforms) = postSolution
		{90DAF4E2-6D6E-46B5-B52A-E9A2E233DD86}.Debug|Any CPU.ActiveCfg = Debug|Any CPU
		{90DAF4E2-6D6E-46B5-B52A-E9A2E233DD86}.Debug|Any CPU.Build.0 = Debug|Any CPU
		{90DAF4E2-6D6E-46B5-B52A-E9A2E233DD86}.Debug|x64.ActiveCfg = Debug|Any CPU
		{90DAF4E2-6D6E-46B5-B52A-E9A2E233DD86}.Debug|x64.Build.0 = Debug|Any CPU
		{90DAF4E2-6D6E-46B5-B52A-E9A2E233DD86}.Debug|x86.ActiveCfg = Debug|Any CPU
		{90DAF4E2-6D6E-46B5-B52A-E9A2E233DD86}.Debug|x86.Build.0 = Debug|Any CPU
		{90DAF4E2-6D6E-46B5-B52A-E9A2E233DD86}.Release|Any CPU.ActiveCfg = Release|Any CPU
		{90DAF4E2-6D6E-46B5-B52A-E9A2E233DD86}.Release|Any CPU.Build.0 = Release|Any CPU
		{90DAF4E2-6D6E-46B5-B52A-E9A2E233DD86}.Release|x64.ActiveCfg = Release|Any CPU
		{90DAF4E2-6D6E-46B5-B52A-E9A2E233DD86}.Release|x64.Build.0 = Release|Any CPU
		{90DAF4E2-6D6E-46B5-B52A-E9A2E233DD86}.Release|x86.ActiveCfg = Release|Any CPU
		{90DAF4E2-6D6E-46B5-B52A-E9A2E233DD86}.Release|x86.Build.0 = Release|Any CPU
		{455AD1E6-4994-4F59-A648-9CDBCA995A5D}.Debug|Any CPU.ActiveCfg = Debug|Any CPU
		{455AD1E6-4994-4F59-A648-9CDBCA995A5D}.Debug|Any CPU.Build.0 = Debug|Any CPU
		{455AD1E6-4994-4F59-A648-9CDBCA995A5D}.Debug|x64.ActiveCfg = Debug|Any CPU
		{455AD1E6-4994-4F59-A648-9CDBCA995A5D}.Debug|x64.Build.0 = Debug|Any CPU
		{455AD1E6-4994-4F59-A648-9CDBCA995A5D}.Debug|x86.ActiveCfg = Debug|Any CPU
		{455AD1E6-4994-4F59-A648-9CDBCA995A5D}.Debug|x86.Build.0 = Debug|Any CPU
		{455AD1E6-4994-4F59-A648-9CDBCA995A5D}.Release|Any CPU.ActiveCfg = Release|Any CPU
		{455AD1E6-4994-4F59-A648-9CDBCA995A5D}.Release|Any CPU.Build.0 = Release|Any CPU
		{455AD1E6-4994-4F59-A648-9CDBCA995A5D}.Release|x64.ActiveCfg = Release|Any CPU
		{455AD1E6-4994-4F59-A648-9CDBCA995A5D}.Release|x64.Build.0 = Release|Any CPU
		{455AD1E6-4994-4F59-A648-9CDBCA995A5D}.Release|x86.ActiveCfg = Release|Any CPU
		{455AD1E6-4994-4F59-A648-9CDBCA995A5D}.Release|x86.Build.0 = Release|Any CPU
	EndGlobalSection
EndGlobal
